// !$*UTF8*$!
{
	archiveVersion = 1;
	classes = {
	};
	objectVersion = 56;
	objects = {

/* Begin PBXBuildFile section */
		7A69E4EF2B120772004B50FB /* AplikacjaKolejkowaApp.swift in Sources */ = {isa = PBXBuildFile; fileRef = 7A69E4EE2B120772004B50FB /* AplikacjaKolejkowaApp.swift */; };
		7A69E4F12B120772004B50FB /* ContentView.swift in Sources */ = {isa = PBXBuildFile; fileRef = 7A69E4F02B120772004B50FB /* ContentView.swift */; };
		7A69E4F32B120776004B50FB /* Assets.xcassets in Resources */ = {isa = PBXBuildFile; fileRef = 7A69E4F22B120776004B50FB /* Assets.xcassets */; };
		7A69E4F62B120776004B50FB /* Preview Assets.xcassets in Resources */ = {isa = PBXBuildFile; fileRef = 7A69E4F52B120776004B50FB /* Preview Assets.xcassets */; };
		7A69E4FD2B121405004B50FB /* ButtonStyle.swift in Sources */ = {isa = PBXBuildFile; fileRef = 7A69E4FC2B121405004B50FB /* ButtonStyle.swift */; };
		7A69E4FF2B12142C004B50FB /* HexColor.swift in Sources */ = {isa = PBXBuildFile; fileRef = 7A69E4FE2B12142C004B50FB /* HexColor.swift */; };
		7A69E5012B1220F3004B50FB /* WezNumerekVIew.swift in Sources */ = {isa = PBXBuildFile; fileRef = 7A69E5002B1220F3004B50FB /* WezNumerekVIew.swift */; };
		7A69E5032B1223B8004B50FB /* WybierzMiejsceView.swift in Sources */ = {isa = PBXBuildFile; fileRef = 7A69E5022B1223B8004B50FB /* WybierzMiejsceView.swift */; };
		7A69E50C2B12476E004B50FB /* DropdownMenuOption.swift in Sources */ = {isa = PBXBuildFile; fileRef = 7A69E5082B12476E004B50FB /* DropdownMenuOption.swift */; };
		7A69E50D2B12476E004B50FB /* DropdownMenuList.swift in Sources */ = {isa = PBXBuildFile; fileRef = 7A69E5092B12476E004B50FB /* DropdownMenuList.swift */; };
		7A69E50E2B12476E004B50FB /* DropdownMenuListRow.swift in Sources */ = {isa = PBXBuildFile; fileRef = 7A69E50A2B12476E004B50FB /* DropdownMenuListRow.swift */; };
		7A69E50F2B12476E004B50FB /* DropdownMenu.swift in Sources */ = {isa = PBXBuildFile; fileRef = 7A69E50B2B12476E004B50FB /* DropdownMenu.swift */; };
		7A69E5112B125F2E004B50FB /* DropDownView.swift in Sources */ = {isa = PBXBuildFile; fileRef = 7A69E5102B125F2E004B50FB /* DropDownView.swift */; };
		7A69E51E2B12B81C004B50FB /* SearchBar.swift in Sources */ = {isa = PBXBuildFile; fileRef = 7A69E51D2B12B81C004B50FB /* SearchBar.swift */; };
		7A69E5202B12BB98004B50FB /* StartView.swift in Sources */ = {isa = PBXBuildFile; fileRef = 7A69E51F2B12BB98004B50FB /* StartView.swift */; };
		7A69E5232B135B1C004B50FB /* SocketIO in Frameworks */ = {isa = PBXBuildFile; productRef = 7A69E5222B135B1C004B50FB /* SocketIO */; };
		7A69E5252B135B58004B50FB /* WebSocketConnection.swift in Sources */ = {isa = PBXBuildFile; fileRef = 7A69E5242B135B58004B50FB /* WebSocketConnection.swift */; };
		7A8FF11A2B18BA0400D3594A /* PopupView in Frameworks */ = {isa = PBXBuildFile; productRef = 7A8FF1192B18BA0400D3594A /* PopupView */; };
		7A8FF11C2B18C0DC00D3594A /* TicketShape.swift in Sources */ = {isa = PBXBuildFile; fileRef = 7A8FF11B2B18C0DC00D3594A /* TicketShape.swift */; };
/* End PBXBuildFile section */

/* Begin PBXFileReference section */
		7A69E4EB2B120772004B50FB /* AplikacjaKolejkowa.app */ = {isa = PBXFileReference; explicitFileType = wrapper.application; includeInIndex = 0; path = AplikacjaKolejkowa.app; sourceTree = BUILT_PRODUCTS_DIR; };
		7A69E4EE2B120772004B50FB /* AplikacjaKolejkowaApp.swift */ = {isa = PBXFileReference; lastKnownFileType = sourcecode.swift; path = AplikacjaKolejkowaApp.swift; sourceTree = "<group>"; };
		7A69E4F02B120772004B50FB /* ContentView.swift */ = {isa = PBXFileReference; lastKnownFileType = sourcecode.swift; path = ContentView.swift; sourceTree = "<group>"; };
		7A69E4F22B120776004B50FB /* Assets.xcassets */ = {isa = PBXFileReference; lastKnownFileType = folder.assetcatalog; path = Assets.xcassets; sourceTree = "<group>"; };
		7A69E4F52B120776004B50FB /* Preview Assets.xcassets */ = {isa = PBXFileReference; lastKnownFileType = folder.assetcatalog; path = "Preview Assets.xcassets"; sourceTree = "<group>"; };
		7A69E4FC2B121405004B50FB /* ButtonStyle.swift */ = {isa = PBXFileReference; lastKnownFileType = sourcecode.swift; path = ButtonStyle.swift; sourceTree = "<group>"; };
		7A69E4FE2B12142C004B50FB /* HexColor.swift */ = {isa = PBXFileReference; lastKnownFileType = sourcecode.swift; path = HexColor.swift; sourceTree = "<group>"; };
		7A69E5002B1220F3004B50FB /* WezNumerekVIew.swift */ = {isa = PBXFileReference; lastKnownFileType = sourcecode.swift; path = WezNumerekVIew.swift; sourceTree = "<group>"; };
		7A69E5022B1223B8004B50FB /* WybierzMiejsceView.swift */ = {isa = PBXFileReference; lastKnownFileType = sourcecode.swift; path = WybierzMiejsceView.swift; sourceTree = "<group>"; };
		7A69E5082B12476E004B50FB /* DropdownMenuOption.swift */ = {isa = PBXFileReference; fileEncoding = 4; lastKnownFileType = sourcecode.swift; path = DropdownMenuOption.swift; sourceTree = "<group>"; };
		7A69E5092B12476E004B50FB /* DropdownMenuList.swift */ = {isa = PBXFileReference; fileEncoding = 4; lastKnownFileType = sourcecode.swift; path = DropdownMenuList.swift; sourceTree = "<group>"; };
		7A69E50A2B12476E004B50FB /* DropdownMenuListRow.swift */ = {isa = PBXFileReference; fileEncoding = 4; lastKnownFileType = sourcecode.swift; path = DropdownMenuListRow.swift; sourceTree = "<group>"; };
		7A69E50B2B12476E004B50FB /* DropdownMenu.swift */ = {isa = PBXFileReference; fileEncoding = 4; lastKnownFileType = sourcecode.swift; path = DropdownMenu.swift; sourceTree = "<group>"; };
		7A69E5102B125F2E004B50FB /* DropDownView.swift */ = {isa = PBXFileReference; lastKnownFileType = sourcecode.swift; path = DropDownView.swift; sourceTree = "<group>"; };
		7A69E51D2B12B81C004B50FB /* SearchBar.swift */ = {isa = PBXFileReference; lastKnownFileType = sourcecode.swift; path = SearchBar.swift; sourceTree = "<group>"; };
		7A69E51F2B12BB98004B50FB /* StartView.swift */ = {isa = PBXFileReference; lastKnownFileType = sourcecode.swift; path = StartView.swift; sourceTree = "<group>"; };
		7A69E5242B135B58004B50FB /* WebSocketConnection.swift */ = {isa = PBXFileReference; lastKnownFileType = sourcecode.swift; path = WebSocketConnection.swift; sourceTree = "<group>"; };
		7A8FF11B2B18C0DC00D3594A /* TicketShape.swift */ = {isa = PBXFileReference; lastKnownFileType = sourcecode.swift; path = TicketShape.swift; sourceTree = "<group>"; };
/* End PBXFileReference section */

/* Begin PBXFrameworksBuildPhase section */
		7A69E4E82B120772004B50FB /* Frameworks */ = {
			isa = PBXFrameworksBuildPhase;
			buildActionMask = 2147483647;
			files = (
				7A8FF11A2B18BA0400D3594A /* PopupView in Frameworks */,
				7A69E5232B135B1C004B50FB /* SocketIO in Frameworks */,
			);
			runOnlyForDeploymentPostprocessing = 0;
		};
/* End PBXFrameworksBuildPhase section */

/* Begin PBXGroup section */
		7A69E4E22B120772004B50FB = {
			isa = PBXGroup;
			children = (
				7A69E4ED2B120772004B50FB /* AplikacjaKolejkowa */,
				7A69E4EC2B120772004B50FB /* Products */,
			);
			sourceTree = "<group>";
		};
		7A69E4EC2B120772004B50FB /* Products */ = {
			isa = PBXGroup;
			children = (
				7A69E4EB2B120772004B50FB /* AplikacjaKolejkowa.app */,
			);
			name = Products;
			sourceTree = "<group>";
		};
		7A69E4ED2B120772004B50FB /* AplikacjaKolejkowa */ = {
			isa = PBXGroup;
			children = (
				7A69E5072B12476E004B50FB /* DropdownMenu */,
				7A69E4EE2B120772004B50FB /* AplikacjaKolejkowaApp.swift */,
				7A69E4F02B120772004B50FB /* ContentView.swift */,
				7A69E5002B1220F3004B50FB /* WezNumerekVIew.swift */,
				7A69E4F22B120776004B50FB /* Assets.xcassets */,
				7A69E4F42B120776004B50FB /* Preview Content */,
				7A69E4FC2B121405004B50FB /* ButtonStyle.swift */,
				7A69E4FE2B12142C004B50FB /* HexColor.swift */,
				7A69E5022B1223B8004B50FB /* WybierzMiejsceView.swift */,
				7A69E51D2B12B81C004B50FB /* SearchBar.swift */,
				7A69E51F2B12BB98004B50FB /* StartView.swift */,
				7A69E5242B135B58004B50FB /* WebSocketConnection.swift */,
				7A8FF11B2B18C0DC00D3594A /* TicketShape.swift */,
			);
			path = AplikacjaKolejkowa;
			sourceTree = "<group>";
		};
		7A69E4F42B120776004B50FB /* Preview Content */ = {
			isa = PBXGroup;
			children = (
				7A69E4F52B120776004B50FB /* Preview Assets.xcassets */,
			);
			path = "Preview Content";
			sourceTree = "<group>";
		};
		7A69E5072B12476E004B50FB /* DropdownMenu */ = {
			isa = PBXGroup;
			children = (
				7A69E5082B12476E004B50FB /* DropdownMenuOption.swift */,
				7A69E5092B12476E004B50FB /* DropdownMenuList.swift */,
				7A69E50A2B12476E004B50FB /* DropdownMenuListRow.swift */,
				7A69E50B2B12476E004B50FB /* DropdownMenu.swift */,
				7A69E5102B125F2E004B50FB /* DropDownView.swift */,
			);
			path = DropdownMenu;
			sourceTree = "<group>";
		};
/* End PBXGroup section */

/* Begin PBXNativeTarget section */
		7A69E4EA2B120772004B50FB /* AplikacjaKolejkowa */ = {
			isa = PBXNativeTarget;
			buildConfigurationList = 7A69E4F92B120776004B50FB /* Build configuration list for PBXNativeTarget "AplikacjaKolejkowa" */;
			buildPhases = (
				7A69E4E72B120772004B50FB /* Sources */,
				7A69E4E82B120772004B50FB /* Frameworks */,
				7A69E4E92B120772004B50FB /* Resources */,
			);
			buildRules = (
			);
			dependencies = (
			);
			name = AplikacjaKolejkowa;
			packageProductDependencies = (
				7A69E5222B135B1C004B50FB /* SocketIO */,
				7A8FF1192B18BA0400D3594A /* PopupView */,
			);
			productName = AplikacjaKolejkowa;
			productReference = 7A69E4EB2B120772004B50FB /* AplikacjaKolejkowa.app */;
			productType = "com.apple.product-type.application";
		};
/* End PBXNativeTarget section */

/* Begin PBXProject section */
		7A69E4E32B120772004B50FB /* Project object */ = {
			isa = PBXProject;
			attributes = {
				BuildIndependentTargetsInParallel = 1;
				LastSwiftUpdateCheck = 1500;
				LastUpgradeCheck = 1500;
				TargetAttributes = {
					7A69E4EA2B120772004B50FB = {
						CreatedOnToolsVersion = 15.0;
					};
				};
			};
			buildConfigurationList = 7A69E4E62B120772004B50FB /* Build configuration list for PBXProject "AplikacjaKolejkowa" */;
			compatibilityVersion = "Xcode 14.0";
			developmentRegion = en;
			hasScannedForEncodings = 0;
			knownRegions = (
				en,
				Base,
			);
			mainGroup = 7A69E4E22B120772004B50FB;
			packageReferences = (
				7A69E5212B135B1C004B50FB /* XCRemoteSwiftPackageReference "socket" */,
				7A8FF1182B18BA0400D3594A /* XCRemoteSwiftPackageReference "PopupView" */,
			);
			productRefGroup = 7A69E4EC2B120772004B50FB /* Products */;
			projectDirPath = "";
			projectRoot = "";
			targets = (
				7A69E4EA2B120772004B50FB /* AplikacjaKolejkowa */,
			);
		};
/* End PBXProject section */

/* Begin PBXResourcesBuildPhase section */
		7A69E4E92B120772004B50FB /* Resources */ = {
			isa = PBXResourcesBuildPhase;
			buildActionMask = 2147483647;
			files = (
				7A69E4F62B120776004B50FB /* Preview Assets.xcassets in Resources */,
				7A69E4F32B120776004B50FB /* Assets.xcassets in Resources */,
			);
			runOnlyForDeploymentPostprocessing = 0;
		};
/* End PBXResourcesBuildPhase section */

/* Begin PBXSourcesBuildPhase section */
		7A69E4E72B120772004B50FB /* Sources */ = {
			isa = PBXSourcesBuildPhase;
			buildActionMask = 2147483647;
			files = (
				7A69E5112B125F2E004B50FB /* DropDownView.swift in Sources */,
				7A69E50C2B12476E004B50FB /* DropdownMenuOption.swift in Sources */,
				7A69E50F2B12476E004B50FB /* DropdownMenu.swift in Sources */,
				7A69E4FD2B121405004B50FB /* ButtonStyle.swift in Sources */,
				7A69E4FF2B12142C004B50FB /* HexColor.swift in Sources */,
				7A69E5252B135B58004B50FB /* WebSocketConnection.swift in Sources */,
				7A69E5202B12BB98004B50FB /* StartView.swift in Sources */,
				7A69E51E2B12B81C004B50FB /* SearchBar.swift in Sources */,
				7A69E50E2B12476E004B50FB /* DropdownMenuListRow.swift in Sources */,
				7A69E5012B1220F3004B50FB /* WezNumerekVIew.swift in Sources */,
				7A69E4F12B120772004B50FB /* ContentView.swift in Sources */,
				7A69E5032B1223B8004B50FB /* WybierzMiejsceView.swift in Sources */,
				7A69E4EF2B120772004B50FB /* AplikacjaKolejkowaApp.swift in Sources */,
				7A8FF11C2B18C0DC00D3594A /* TicketShape.swift in Sources */,
				7A69E50D2B12476E004B50FB /* DropdownMenuList.swift in Sources */,
			);
			runOnlyForDeploymentPostprocessing = 0;
		};
/* End PBXSourcesBuildPhase section */

/* Begin XCBuildConfiguration section */
		7A69E4F72B120776004B50FB /* Debug */ = {
			isa = XCBuildConfiguration;
			buildSettings = {
				ALWAYS_SEARCH_USER_PATHS = NO;
				ASSETCATALOG_COMPILER_GENERATE_SWIFT_ASSET_SYMBOL_EXTENSIONS = YES;
				CLANG_ANALYZER_NONNULL = YES;
				CLANG_ANALYZER_NUMBER_OBJECT_CONVERSION = YES_AGGRESSIVE;
				CLANG_CXX_LANGUAGE_STANDARD = "gnu++20";
				CLANG_ENABLE_MODULES = YES;
				CLANG_ENABLE_OBJC_ARC = YES;
				CLANG_ENABLE_OBJC_WEAK = YES;
				CLANG_WARN_BLOCK_CAPTURE_AUTORELEASING = YES;
				CLANG_WARN_BOOL_CONVERSION = YES;
				CLANG_WARN_COMMA = YES;
				CLANG_WARN_CONSTANT_CONVERSION = YES;
				CLANG_WARN_DEPRECATED_OBJC_IMPLEMENTATIONS = YES;
				CLANG_WARN_DIRECT_OBJC_ISA_USAGE = YES_ERROR;
				CLANG_WARN_DOCUMENTATION_COMMENTS = YES;
				CLANG_WARN_EMPTY_BODY = YES;
				CLANG_WARN_ENUM_CONVERSION = YES;
				CLANG_WARN_INFINITE_RECURSION = YES;
				CLANG_WARN_INT_CONVERSION = YES;
				CLANG_WARN_NON_LITERAL_NULL_CONVERSION = YES;
				CLANG_WARN_OBJC_IMPLICIT_RETAIN_SELF = YES;
				CLANG_WARN_OBJC_LITERAL_CONVERSION = YES;
				CLANG_WARN_OBJC_ROOT_CLASS = YES_ERROR;
				CLANG_WARN_QUOTED_INCLUDE_IN_FRAMEWORK_HEADER = YES;
				CLANG_WARN_RANGE_LOOP_ANALYSIS = YES;
				CLANG_WARN_STRICT_PROTOTYPES = YES;
				CLANG_WARN_SUSPICIOUS_MOVE = YES;
				CLANG_WARN_UNGUARDED_AVAILABILITY = YES_AGGRESSIVE;
				CLANG_WARN_UNREACHABLE_CODE = YES;
				CLANG_WARN__DUPLICATE_METHOD_MATCH = YES;
				COPY_PHASE_STRIP = NO;
				DEBUG_INFORMATION_FORMAT = dwarf;
				ENABLE_STRICT_OBJC_MSGSEND = YES;
				ENABLE_TESTABILITY = YES;
				ENABLE_USER_SCRIPT_SANDBOXING = YES;
				GCC_C_LANGUAGE_STANDARD = gnu17;
				GCC_DYNAMIC_NO_PIC = NO;
				GCC_NO_COMMON_BLOCKS = YES;
				GCC_OPTIMIZATION_LEVEL = 0;
				GCC_PREPROCESSOR_DEFINITIONS = (
					"DEBUG=1",
					"$(inherited)",
				);
				GCC_WARN_64_TO_32_BIT_CONVERSION = YES;
				GCC_WARN_ABOUT_RETURN_TYPE = YES_ERROR;
				GCC_WARN_UNDECLARED_SELECTOR = YES;
				GCC_WARN_UNINITIALIZED_AUTOS = YES_AGGRESSIVE;
				GCC_WARN_UNUSED_FUNCTION = YES;
				GCC_WARN_UNUSED_VARIABLE = YES;
				IPHONEOS_DEPLOYMENT_TARGET = 17.0;
				LOCALIZATION_PREFERS_STRING_CATALOGS = YES;
				MTL_ENABLE_DEBUG_INFO = INCLUDE_SOURCE;
				MTL_FAST_MATH = YES;
				ONLY_ACTIVE_ARCH = YES;
				SDKROOT = iphoneos;
				SWIFT_ACTIVE_COMPILATION_CONDITIONS = "DEBUG $(inherited)";
				SWIFT_OPTIMIZATION_LEVEL = "-Onone";
			};
			name = Debug;
		};
		7A69E4F82B120776004B50FB /* Release */ = {
			isa = XCBuildConfiguration;
			buildSettings = {
				ALWAYS_SEARCH_USER_PATHS = NO;
				ASSETCATALOG_COMPILER_GENERATE_SWIFT_ASSET_SYMBOL_EXTENSIONS = YES;
				CLANG_ANALYZER_NONNULL = YES;
				CLANG_ANALYZER_NUMBER_OBJECT_CONVERSION = YES_AGGRESSIVE;
				CLANG_CXX_LANGUAGE_STANDARD = "gnu++20";
				CLANG_ENABLE_MODULES = YES;
				CLANG_ENABLE_OBJC_ARC = YES;
				CLANG_ENABLE_OBJC_WEAK = YES;
				CLANG_WARN_BLOCK_CAPTURE_AUTORELEASING = YES;
				CLANG_WARN_BOOL_CONVERSION = YES;
				CLANG_WARN_COMMA = YES;
				CLANG_WARN_CONSTANT_CONVERSION = YES;
				CLANG_WARN_DEPRECATED_OBJC_IMPLEMENTATIONS = YES;
				CLANG_WARN_DIRECT_OBJC_ISA_USAGE = YES_ERROR;
				CLANG_WARN_DOCUMENTATION_COMMENTS = YES;
				CLANG_WARN_EMPTY_BODY = YES;
				CLANG_WARN_ENUM_CONVERSION = YES;
				CLANG_WARN_INFINITE_RECURSION = YES;
				CLANG_WARN_INT_CONVERSION = YES;
				CLANG_WARN_NON_LITERAL_NULL_CONVERSION = YES;
				CLANG_WARN_OBJC_IMPLICIT_RETAIN_SELF = YES;
				CLANG_WARN_OBJC_LITERAL_CONVERSION = YES;
				CLANG_WARN_OBJC_ROOT_CLASS = YES_ERROR;
				CLANG_WARN_QUOTED_INCLUDE_IN_FRAMEWORK_HEADER = YES;
				CLANG_WARN_RANGE_LOOP_ANALYSIS = YES;
				CLANG_WARN_STRICT_PROTOTYPES = YES;
				CLANG_WARN_SUSPICIOUS_MOVE = YES;
				CLANG_WARN_UNGUARDED_AVAILABILITY = YES_AGGRESSIVE;
				CLANG_WARN_UNREACHABLE_CODE = YES;
				CLANG_WARN__DUPLICATE_METHOD_MATCH = YES;
				COPY_PHASE_STRIP = NO;
				DEBUG_INFORMATION_FORMAT = "dwarf-with-dsym";
				ENABLE_NS_ASSERTIONS = NO;
				ENABLE_STRICT_OBJC_MSGSEND = YES;
				ENABLE_USER_SCRIPT_SANDBOXING = YES;
				GCC_C_LANGUAGE_STANDARD = gnu17;
				GCC_NO_COMMON_BLOCKS = YES;
				GCC_WARN_64_TO_32_BIT_CONVERSION = YES;
				GCC_WARN_ABOUT_RETURN_TYPE = YES_ERROR;
				GCC_WARN_UNDECLARED_SELECTOR = YES;
				GCC_WARN_UNINITIALIZED_AUTOS = YES_AGGRESSIVE;
				GCC_WARN_UNUSED_FUNCTION = YES;
				GCC_WARN_UNUSED_VARIABLE = YES;
				IPHONEOS_DEPLOYMENT_TARGET = 17.0;
				LOCALIZATION_PREFERS_STRING_CATALOGS = YES;
				MTL_ENABLE_DEBUG_INFO = NO;
				MTL_FAST_MATH = YES;
				SDKROOT = iphoneos;
				SWIFT_COMPILATION_MODE = wholemodule;
				VALIDATE_PRODUCT = YES;
			};
			name = Release;
		};
		7A69E4FA2B120776004B50FB /* Debug */ = {
			isa = XCBuildConfiguration;
			buildSettings = {
				ASSETCATALOG_COMPILER_APPICON_NAME = AppIcon;
				ASSETCATALOG_COMPILER_GLOBAL_ACCENT_COLOR_NAME = AccentColor;
				CODE_SIGN_STYLE = Automatic;
				CURRENT_PROJECT_VERSION = 1;
				DEVELOPMENT_ASSET_PATHS = "\"AplikacjaKolejkowa/Preview Content\"";
				DEVELOPMENT_TEAM = 86VY65XF6H;
				ENABLE_PREVIEWS = YES;
				GENERATE_INFOPLIST_FILE = YES;
				INFOPLIST_KEY_UIApplicationSceneManifest_Generation = YES;
				INFOPLIST_KEY_UIApplicationSupportsIndirectInputEvents = YES;
				INFOPLIST_KEY_UILaunchScreen_Generation = YES;
				INFOPLIST_KEY_UISupportedInterfaceOrientations_iPad = "UIInterfaceOrientationPortrait UIInterfaceOrientationPortraitUpsideDown UIInterfaceOrientationLandscapeLeft UIInterfaceOrientationLandscapeRight";
				INFOPLIST_KEY_UISupportedInterfaceOrientations_iPhone = "UIInterfaceOrientationPortrait UIInterfaceOrientationLandscapeLeft UIInterfaceOrientationLandscapeRight";
				LD_RUNPATH_SEARCH_PATHS = (
					"$(inherited)",
					"@executable_path/Frameworks",
				);
				MARKETING_VERSION = 1.0;
				PRODUCT_BUNDLE_IDENTIFIER = com.pawelswiderski.AplikacjaKolejkowa;
				PRODUCT_NAME = "$(TARGET_NAME)";
				SWIFT_EMIT_LOC_STRINGS = YES;
				SWIFT_VERSION = 5.0;
				TARGETED_DEVICE_FAMILY = "1,2";
			};
			name = Debug;
		};
		7A69E4FB2B120776004B50FB /* Release */ = {
			isa = XCBuildConfiguration;
			buildSettings = {
				ASSETCATALOG_COMPILER_APPICON_NAME = AppIcon;
				ASSETCATALOG_COMPILER_GLOBAL_ACCENT_COLOR_NAME = AccentColor;
				CODE_SIGN_STYLE = Automatic;
				CURRENT_PROJECT_VERSION = 1;
				DEVELOPMENT_ASSET_PATHS = "\"AplikacjaKolejkowa/Preview Content\"";
				DEVELOPMENT_TEAM = 86VY65XF6H;
				ENABLE_PREVIEWS = YES;
				GENERATE_INFOPLIST_FILE = YES;
				INFOPLIST_KEY_UIApplicationSceneManifest_Generation = YES;
				INFOPLIST_KEY_UIApplicationSupportsIndirectInputEvents = YES;
				INFOPLIST_KEY_UILaunchScreen_Generation = YES;
				INFOPLIST_KEY_UISupportedInterfaceOrientations_iPad = "UIInterfaceOrientationPortrait UIInterfaceOrientationPortraitUpsideDown UIInterfaceOrientationLandscapeLeft UIInterfaceOrientationLandscapeRight";
				INFOPLIST_KEY_UISupportedInterfaceOrientations_iPhone = "UIInterfaceOrientationPortrait UIInterfaceOrientationLandscapeLeft UIInterfaceOrientationLandscapeRight";
				LD_RUNPATH_SEARCH_PATHS = (
					"$(inherited)",
					"@executable_path/Frameworks",
				);
				MARKETING_VERSION = 1.0;
				PRODUCT_BUNDLE_IDENTIFIER = com.pawelswiderski.AplikacjaKolejkowa;
				PRODUCT_NAME = "$(TARGET_NAME)";
				SWIFT_EMIT_LOC_STRINGS = YES;
				SWIFT_VERSION = 5.0;
				TARGETED_DEVICE_FAMILY = "1,2";
			};
			name = Release;
		};
/* End XCBuildConfiguration section */

/* Begin XCConfigurationList section */
		7A69E4E62B120772004B50FB /* Build configuration list for PBXProject "AplikacjaKolejkowa" */ = {
			isa = XCConfigurationList;
			buildConfigurations = (
				7A69E4F72B120776004B50FB /* Debug */,
				7A69E4F82B120776004B50FB /* Release */,
			);
			defaultConfigurationIsVisible = 0;
			defaultConfigurationName = Release;
		};
		7A69E4F92B120776004B50FB /* Build configuration list for PBXNativeTarget "AplikacjaKolejkowa" */ = {
			isa = XCConfigurationList;
			buildConfigurations = (
				7A69E4FA2B120776004B50FB /* Debug */,
				7A69E4FB2B120776004B50FB /* Release */,
			);
			defaultConfigurationIsVisible = 0;
			defaultConfigurationName = Release;
		};
/* End XCConfigurationList section */

/* Begin XCRemoteSwiftPackageReference section */
		7A69E5212B135B1C004B50FB /* XCRemoteSwiftPackageReference "socket" */ = {
			isa = XCRemoteSwiftPackageReference;
			repositoryURL = "https://github.com/socketio/socket.io-client-swift";
			requirement = {
				branch = master;
				kind = branch;
			};
		};
		7A8FF1182B18BA0400D3594A /* XCRemoteSwiftPackageReference "PopupView" */ = {
			isa = XCRemoteSwiftPackageReference;
			repositoryURL = "https://github.com/exyte/PopupView";
			requirement = {
				kind = upToNextMajorVersion;
				minimumVersion = 2.8.3;
			};
		};
/* End XCRemoteSwiftPackageReference section */

/* Begin XCSwiftPackageProductDependency section */
		7A69E5222B135B1C004B50FB /* SocketIO */ = {
			isa = XCSwiftPackageProductDependency;
			package = 7A69E5212B135B1C004B50FB /* XCRemoteSwiftPackageReference "socket" */;
			productName = SocketIO;
		};
		7A8FF1192B18BA0400D3594A /* PopupView */ = {
			isa = XCSwiftPackageProductDependency;
			package = 7A8FF1182B18BA0400D3594A /* XCRemoteSwiftPackageReference "PopupView" */;
			productName = PopupView;
		};
/* End XCSwiftPackageProductDependency section */
	};
	rootObject = 7A69E4E32B120772004B50FB /* Project object */;
}
